
Microsoft Visual Studio Solution File, Format Version 12.00
# Visual Studio Version 16
VisualStudioVersion = 16.0.30717.126
MinimumVisualStudioVersion = 10.0.40219.1
Project("{2150E333-8FDC-42A3-9474-1A3956D46DE8}") = "UI", "UI", "{3AB084E5-B961-4239-9254-627E64A276DF}"
EndProject
Project("{2150E333-8FDC-42A3-9474-1A3956D46DE8}") = "Common", "Common", "{E83884A7-2C41-4F04-9247-FBFE76B7B79F}"
EndProject
Project("{2150E333-8FDC-42A3-9474-1A3956D46DE8}") = "Services", "Services", "{5718671F-3C7A-436B-872F-458E33946F9D}"
EndProject
Project("{9A19103F-16F7-4668-BE54-9A1E7A4F7556}") = "WebStore.Domain", "Common\WebStore.Domain\WebStore.Domain.csproj", "{343A727A-C346-4D5D-986F-09AD931B42C8}"
EndProject
Project("{9A19103F-16F7-4668-BE54-9A1E7A4F7556}") = "WebStore.DAL", "Services\WebStore.DAL\WebStore.DAL.csproj", "{D8685AD2-66CE-4AD5-B9CA-56F593195275}"
EndProject
Project("{9A19103F-16F7-4668-BE54-9A1E7A4F7556}") = "WebStore", "UI\WebStore\WebStore.csproj", "{A67FE2FE-1184-4D77-8DE3-FBB9A409FF57}"
EndProject
Project("{9A19103F-16F7-4668-BE54-9A1E7A4F7556}") = "WebStore.Interfaces", "Services\WebStore.Interfaces\WebStore.Interfaces.csproj", "{C7D58BF9-C24E-4C00-868C-D1F49F29D3B4}"
EndProject
Project("{9A19103F-16F7-4668-BE54-9A1E7A4F7556}") = "WebStore.Services", "Services\WebStore.Services\WebStore.Services.csproj", "{44F63041-21C7-4D78-9A72-EEF5D3295EF6}"
EndProject
Project("{9A19103F-16F7-4668-BE54-9A1E7A4F7556}") = "WebStore.ServiceHosting", "Services\WebStore.ServiceHosting\WebStore.ServiceHosting.csproj", "{4F4BE04B-17D4-4D78-A9C5-40E68A5B7C66}"
EndProject
Project("{9A19103F-16F7-4668-BE54-9A1E7A4F7556}") = "WebStore.Clients", "Services\WebStore.Clients\WebStore.Clients.csproj", "{F32A8E5F-6371-475C-AF80-95DE6EA9FCAE}"
EndProject
Project("{FAE04EC0-301F-11D3-BF4B-00C04F79EFBC}") = "WebStore.Logger", "Common\WebStore.Logger\WebStore.Logger.csproj", "{583C3C9E-8C91-4B9C-9968-4A90B62D5C03}"
EndProject
Global
	GlobalSection(SolutionConfigurationPlatforms) = preSolution
		Debug|Any CPU = Debug|Any CPU
		Release|Any CPU = Release|Any CPU
	EndGlobalSection
	GlobalSection(ProjectConfigurationPlatforms) = postSolution
		{343A727A-C346-4D5D-986F-09AD931B42C8}.Debug|Any CPU.ActiveCfg = Debug|Any CPU
		{343A727A-C346-4D5D-986F-09AD931B42C8}.Debug|Any CPU.Build.0 = Debug|Any CPU
		{343A727A-C346-4D5D-986F-09AD931B42C8}.Release|Any CPU.ActiveCfg = Release|Any CPU
		{343A727A-C346-4D5D-986F-09AD931B42C8}.Release|Any CPU.Build.0 = Release|Any CPU
		{D8685AD2-66CE-4AD5-B9CA-56F593195275}.Debug|Any CPU.ActiveCfg = Debug|Any CPU
		{D8685AD2-66CE-4AD5-B9CA-56F593195275}.Debug|Any CPU.Build.0 = Debug|Any CPU
		{D8685AD2-66CE-4AD5-B9CA-56F593195275}.Release|Any CPU.ActiveCfg = Release|Any CPU
		{D8685AD2-66CE-4AD5-B9CA-56F593195275}.Release|Any CPU.Build.0 = Release|Any CPU
		{A67FE2FE-1184-4D77-8DE3-FBB9A409FF57}.Debug|Any CPU.ActiveCfg = Debug|Any CPU
		{A67FE2FE-1184-4D77-8DE3-FBB9A409FF57}.Debug|Any CPU.Build.0 = Debug|Any CPU
		{A67FE2FE-1184-4D77-8DE3-FBB9A409FF57}.Release|Any CPU.ActiveCfg = Release|Any CPU
		{A67FE2FE-1184-4D77-8DE3-FBB9A409FF57}.Release|Any CPU.Build.0 = Release|Any CPU
		{C7D58BF9-C24E-4C00-868C-D1F49F29D3B4}.Debug|Any CPU.ActiveCfg = Debug|Any CPU
		{C7D58BF9-C24E-4C00-868C-D1F49F29D3B4}.Debug|Any CPU.Build.0 = Debug|Any CPU
		{C7D58BF9-C24E-4C00-868C-D1F49F29D3B4}.Release|Any CPU.ActiveCfg = Release|Any CPU
		{C7D58BF9-C24E-4C00-868C-D1F49F29D3B4}.Release|Any CPU.Build.0 = Release|Any CPU
		{44F63041-21C7-4D78-9A72-EEF5D3295EF6}.Debug|Any CPU.ActiveCfg = Debug|Any CPU
		{44F63041-21C7-4D78-9A72-EEF5D3295EF6}.Debug|Any CPU.Build.0 = Debug|Any CPU
		{44F63041-21C7-4D78-9A72-EEF5D3295EF6}.Release|Any CPU.ActiveCfg = Release|Any CPU
		{44F63041-21C7-4D78-9A72-EEF5D3295EF6}.Release|Any CPU.Build.0 = Release|Any CPU
		{4F4BE04B-17D4-4D78-A9C5-40E68A5B7C66}.Debug|Any CPU.ActiveCfg = Debug|Any CPU
		{4F4BE04B-17D4-4D78-A9C5-40E68A5B7C66}.Debug|Any CPU.Build.0 = Debug|Any CPU
		{4F4BE04B-17D4-4D78-A9C5-40E68A5B7C66}.Release|Any CPU.ActiveCfg = Release|Any CPU
		{4F4BE04B-17D4-4D78-A9C5-40E68A5B7C66}.Release|Any CPU.Build.0 = Release|Any CPU
		{F32A8E5F-6371-475C-AF80-95DE6EA9FCAE}.Debug|Any CPU.ActiveCfg = Debug|Any CPU
		{F32A8E5F-6371-475C-AF80-95DE6EA9FCAE}.Debug|Any CPU.Build.0 = Debug|Any CPU
		{F32A8E5F-6371-475C-AF80-95DE6EA9FCAE}.Release|Any CPU.ActiveCfg = Release|Any CPU
		{F32A8E5F-6371-475C-AF80-95DE6EA9FCAE}.Release|Any CPU.Build.0 = Release|Any CPU
		{583C3C9E-8C91-4B9C-9968-4A90B62D5C03}.Debug|Any CPU.ActiveCfg = Debug|Any CPU
		{583C3C9E-8C91-4B9C-9968-4A90B62D5C03}.Debug|Any CPU.Build.0 = Debug|Any CPU
		{583C3C9E-8C91-4B9C-9968-4A90B62D5C03}.Release|Any CPU.ActiveCfg = Release|Any CPU
		{583C3C9E-8C91-4B9C-9968-4A90B62D5C03}.Release|Any CPU.Build.0 = Release|Any CPU
	EndGlobalSection
	GlobalSection(SolutionProperties) = preSolution
		HideSolutionNode = FALSE
	EndGlobalSection
	GlobalSection(NestedProjects) = preSolution
		{343A727A-C346-4D5D-986F-09AD931B42C8} = {E83884A7-2C41-4F04-9247-FBFE76B7B79F}
		{D8685AD2-66CE-4AD5-B9CA-56F593195275} = {5718671F-3C7A-436B-872F-458E33946F9D}
		{A67FE2FE-1184-4D77-8DE3-FBB9A409FF57} = {3AB084E5-B961-4239-9254-627E64A276DF}
		{C7D58BF9-C24E-4C00-868C-D1F49F29D3B4} = {5718671F-3C7A-436B-872F-458E33946F9D}
		{44F63041-21C7-4D78-9A72-EEF5D3295EF6} = {5718671F-3C7A-436B-872F-458E33946F9D}
		{4F4BE04B-17D4-4D78-A9C5-40E68A5B7C66} = {5718671F-3C7A-436B-872F-458E33946F9D}
		{F32A8E5F-6371-475C-AF80-95DE6EA9FCAE} = {5718671F-3C7A-436B-872F-458E33946F9D}
		{583C3C9E-8C91-4B9C-9968-4A90B62D5C03} = {E83884A7-2C41-4F04-9247-FBFE76B7B79F}
	EndGlobalSection
	GlobalSection(ExtensibilityGlobals) = postSolution
		SolutionGuid = {46EB41B1-EDB9-4CF4-944B-789B8E104404}
	EndGlobalSection
EndGlobal
